
Microsoft Visual Studio Solution File, Format Version 12.00
# Visual Studio Version 17
VisualStudioVersion = 17.13.35825.156 d17.13
MinimumVisualStudioVersion = 10.0.40219.1
Project("{FAE04EC0-301F-11D3-BF4B-00C04F79EFBC}") = "MidtermLabExam", "MidtermFinalExam\MidtermLabExam.csproj", "{914EF2FA-2D41-4493-9118-518653D9B6C9}"
EndProject
Global
	GlobalSection(SolutionConfigurationPlatforms) = preSolution
		Debug|Any CPU = Debug|Any CPU
		Release|Any CPU = Release|Any CPU
	EndGlobalSection
	GlobalSection(ProjectConfigurationPlatforms) = postSolution
		{914EF2FA-2D41-4493-9118-518653D9B6C9}.Debug|Any CPU.ActiveCfg = Debug|Any CPU
		{914EF2FA-2D41-4493-9118-518653D9B6C9}.Debug|Any CPU.Build.0 = Debug|Any CPU
		{914EF2FA-2D41-4493-9118-518653D9B6C9}.Release|Any CPU.ActiveCfg = Release|Any CPU
		{914EF2FA-2D41-4493-9118-518653D9B6C9}.Release|Any CPU.Build.0 = Release|Any CPU
	EndGlobalSection
	GlobalSection(SolutionProperties) = preSolution
		HideSolutionNode = FALSE
	EndGlobalSection
	GlobalSection(ExtensibilityGlobals) = postSolution
		SolutionGuid = {402B2D29-0F93-4BC4-B68A-1806FB745D51}
	EndGlobalSection
EndGlobal
